
Microsoft Visual Studio Solution File, Format Version 12.00
# Visual Studio Version 16
VisualStudioVersion = 16.0.31624.102
MinimumVisualStudioVersion = 10.0.40219.1
Project("{9A19103F-16F7-4668-BE54-9A1E7A4F7556}") = "HTTP", "HTTP.csproj", "{3D0202F5-2FA4-4693-87E6-0C207DF62DBE}"
EndProject
Global
	GlobalSection(SolutionConfigurationPlatforms) = preSolution
		Debug|Any CPU = Debug|Any CPU
		Release|Any CPU = Release|Any CPU
	EndGlobalSection
	GlobalSection(ProjectConfigurationPlatforms) = postSolution
		{3D0202F5-2FA4-4693-87E6-0C207DF62DBE}.Debug|Any CPU.ActiveCfg = Debug|Any CPU
		{3D0202F5-2FA4-4693-87E6-0C207DF62DBE}.Debug|Any CPU.Build.0 = Debug|Any CPU
		{3D0202F5-2FA4-4693-87E6-0C207DF62DBE}.Release|Any CPU.ActiveCfg = Release|Any CPU
		{3D0202F5-2FA4-4693-87E6-0C207DF62DBE}.Release|Any CPU.Build.0 = Release|Any CPU
	EndGlobalSection
	GlobalSection(SolutionProperties) = preSolution
		HideSolutionNode = FALSE
	EndGlobalSection
	GlobalSection(ExtensibilityGlobals) = postSolution
		SolutionGuid = {8C1EE02F-E154-4EC5-88E5-808FD7EF8EB5}
	EndGlobalSection
EndGlobal
